PODS:
  - GDChannel (0.6.0):
    - MQTTKit (~> 0.1.0)
    - Protobuf (~> 3.0)
  - GDOperation (0.1.0):
    - GDChannel
    - Protobuf (~> 3.0)
  - MQTTKit (0.1.0)
  - Protobuf (3.1.0)

DEPENDENCIES:
  - GDChannel (from `https://github.com/goodow/GDChannel.git`)
  - GDOperation (from `../`)

EXTERNAL SOURCES:
  GDChannel:
    :git: https://github.com/goodow/GDChannel.git
  GDOperation:
    :path: ../

CHECKOUT OPTIONS:
  GDChannel:
    :commit: 21b47ff897363f40dc4da03723cb130a2f2f4a75
    :git: https://github.com/goodow/GDChannel.git

SPEC CHECKSUMS:
  GDChannel: 188843d9ae255227f5a72fcc35ae7d048509682c
  GDOperation: b03b4dbead3232b2413ba14d6eb67b4abacbd2a1
  MQTTKit: a4e6b8aa92db1aeae917d2b773fd72a7749937c4
  Protobuf: 265e9977d04a83eba9cefb0bed3ad07e41033b4a

PODFILE CHECKSUM: 21e9d7c4e3b0067d02f511420953750f01ab83ff

COCOAPODS: 1.1.1
