PODS:
  - Firebase/Core (4.0.0):
    - FirebaseAnalytics (= 4.0.0)
    - FirebaseCore (= 4.0.0)
  - Firebase/Database (4.0.0):
    - Firebase/Core
    - FirebaseDatabase (= 4.0.0)
  - FirebaseAnalytics (4.0.0):
    - FirebaseCore (~> 4.0)
    - FirebaseInstanceID (~> 2.0)
    - GoogleToolboxForMac/NSData+zlib (~> 2.1)
  - FirebaseCore (4.0.0):
    - GoogleToolboxForMac/NSData+zlib (~> 2.1)
  - FirebaseDatabase (4.0.0):
    - FirebaseAnalytics (~> 4.0)
  - FirebaseInstanceID (2.0.0):
    - FirebaseCore (~> 4.0)
  - GDChannel (0.6.0):
    - MQTTKit (~> 0.1.0)
    - Protobuf (~> 3.0)
  - GDOperation (0.1.0):
    - Firebase/Database
    - GDChannel
    - GDOperation/Core (= 0.1.0)
    - GDOperation/Firebase (= 0.1.0)
    - GDOperation/YYText (= 0.1.0)
    - Protobuf (~> 3.0)
  - GDOperation/Core (0.1.0):
    - Firebase/Database
    - GDChannel
    - Protobuf (~> 3.0)
  - GDOperation/Firebase (0.1.0):
    - Firebase/Database
    - GDChannel
    - GDOperation/YYText
    - Protobuf (~> 3.0)
  - GDOperation/YYText (0.1.0):
    - Firebase/Database
    - GDChannel
    - GDOperation/Core
    - Protobuf (~> 3.0)
    - YYText (~> 1.0)
  - GoogleToolboxForMac/Defines (2.1.1)
  - GoogleToolboxForMac/NSData+zlib (2.1.1):
    - GoogleToolboxForMac/Defines (= 2.1.1)
  - MQTTKit (0.1.0)
  - Protobuf (3.3.0)
  - YYText (1.0.7)

DEPENDENCIES:
  - Firebase/Database
  - GDChannel (from `https://github.com/goodow/GDChannel.git`)
  - GDOperation (from `../`)

EXTERNAL SOURCES:
  GDChannel:
    :git: https://github.com/goodow/GDChannel.git
  GDOperation:
    :path: ../

CHECKOUT OPTIONS:
  GDChannel:
    :commit: dae9abf5b060e2ac10ab07e18509ee6968c5aa6c
    :git: https://github.com/goodow/GDChannel.git

SPEC CHECKSUMS:
  Firebase: 284eea779b73fdff309791817da7c68bff8dd572
  FirebaseAnalytics: 6f08e746f7d66f5452931bc2e822b5df9c66b64a
  FirebaseCore: 85ad466044c2f013cdb167f85d426d15b128114a
  FirebaseDatabase: d829b3a8c3e2ac7a16773c5df226966b0805dfc2
  FirebaseInstanceID: 9fbf536668f4d3f0880e7438456dabd1376e294b
  GDChannel: 188843d9ae255227f5a72fcc35ae7d048509682c
  GDOperation: c67c5f1938116217be5d282b9cc65990eca289b8
  GoogleToolboxForMac: 8e329f1b599f2512c6b10676d45736bcc2cbbeb0
  MQTTKit: a4e6b8aa92db1aeae917d2b773fd72a7749937c4
  Protobuf: d582fecf68201eac3d79ed61369ef45734394b9c
  YYText: 5c461d709e24d55a182d1441c41dc639a18a4849

PODFILE CHECKSUM: d32da1133617fcf2f939bf8d3084227877214d3c

COCOAPODS: 1.2.0
